
Microsoft Visual Studio Solution File, Format Version 12.00
# Visual Studio Version 16
VisualStudioVersion = 16.0.30907.101
MinimumVisualStudioVersion = 10.0.40219.1
Project("{FAE04EC0-301F-11D3-BF4B-00C04F79EFBC}") = "Minha1Conexao", "Minha1Conexao\Minha1Conexao.csproj", "{F74D74A7-B317-40DA-A536-04C15C703E7E}"
EndProject
Project("{FAE04EC0-301F-11D3-BF4B-00C04F79EFBC}") = "Minha1Conexao.Data", "Minha1Conexao.Data\Minha1Conexao.Data.csproj", "{E44BBDD5-12FC-4DBA-82AB-F1D6554AB8ED}"
EndProject
Project("{FAE04EC0-301F-11D3-BF4B-00C04F79EFBC}") = "Minha1Conexao.Domain", "Minha1Conexao.Domain\Minha1Conexao.Domain.csproj", "{BA55EB75-5B1F-4953-A630-AA44AAC1B009}"
EndProject
Global
	GlobalSection(SolutionConfigurationPlatforms) = preSolution
		Debug|Any CPU = Debug|Any CPU
		Release|Any CPU = Release|Any CPU
	EndGlobalSection
	GlobalSection(ProjectConfigurationPlatforms) = postSolution
		{F74D74A7-B317-40DA-A536-04C15C703E7E}.Debug|Any CPU.ActiveCfg = Debug|Any CPU
		{F74D74A7-B317-40DA-A536-04C15C703E7E}.Debug|Any CPU.Build.0 = Debug|Any CPU
		{F74D74A7-B317-40DA-A536-04C15C703E7E}.Release|Any CPU.ActiveCfg = Release|Any CPU
		{F74D74A7-B317-40DA-A536-04C15C703E7E}.Release|Any CPU.Build.0 = Release|Any CPU
		{E44BBDD5-12FC-4DBA-82AB-F1D6554AB8ED}.Debug|Any CPU.ActiveCfg = Debug|Any CPU
		{E44BBDD5-12FC-4DBA-82AB-F1D6554AB8ED}.Debug|Any CPU.Build.0 = Debug|Any CPU
		{E44BBDD5-12FC-4DBA-82AB-F1D6554AB8ED}.Release|Any CPU.ActiveCfg = Release|Any CPU
		{E44BBDD5-12FC-4DBA-82AB-F1D6554AB8ED}.Release|Any CPU.Build.0 = Release|Any CPU
		{BA55EB75-5B1F-4953-A630-AA44AAC1B009}.Debug|Any CPU.ActiveCfg = Debug|Any CPU
		{BA55EB75-5B1F-4953-A630-AA44AAC1B009}.Debug|Any CPU.Build.0 = Debug|Any CPU
		{BA55EB75-5B1F-4953-A630-AA44AAC1B009}.Release|Any CPU.ActiveCfg = Release|Any CPU
		{BA55EB75-5B1F-4953-A630-AA44AAC1B009}.Release|Any CPU.Build.0 = Release|Any CPU
	EndGlobalSection
	GlobalSection(SolutionProperties) = preSolution
		HideSolutionNode = FALSE
	EndGlobalSection
	GlobalSection(ExtensibilityGlobals) = postSolution
		SolutionGuid = {16F66349-E2E8-41B4-9D8C-CAB9266DAD33}
	EndGlobalSection
EndGlobal
